
Microsoft Visual Studio Solution File, Format Version 12.00
# Visual Studio Version 16
VisualStudioVersion = 16.0.29418.71
MinimumVisualStudioVersion = 10.0.40219.1
Project("{FAE04EC0-301F-11D3-BF4B-00C04F79EFBC}") = "TEST", "TEST.csproj", "{05005FB9-3467-400D-92DB-58B0AED153D5}"
EndProject
Global
	GlobalSection(SolutionConfigurationPlatforms) = preSolution
		Debug|Any CPU = Debug|Any CPU
		Release|Any CPU = Release|Any CPU
	EndGlobalSection
	GlobalSection(ProjectConfigurationPlatforms) = postSolution
		{05005FB9-3467-400D-92DB-58B0AED153D5}.Debug|Any CPU.ActiveCfg = Debug|Any CPU
		{05005FB9-3467-400D-92DB-58B0AED153D5}.Debug|Any CPU.Build.0 = Debug|Any CPU
		{05005FB9-3467-400D-92DB-58B0AED153D5}.Release|Any CPU.ActiveCfg = Release|Any CPU
		{05005FB9-3467-400D-92DB-58B0AED153D5}.Release|Any CPU.Build.0 = Release|Any CPU
	EndGlobalSection
	GlobalSection(SolutionProperties) = preSolution
		HideSolutionNode = FALSE
	EndGlobalSection
	GlobalSection(ExtensibilityGlobals) = postSolution
		SolutionGuid = {B1A91E12-0036-4EBE-AE25-4FED1648AD94}
	EndGlobalSection
EndGlobal
